
Microsoft Visual Studio Solution File, Format Version 12.00
# Visual Studio Version 17
VisualStudioVersion = 17.8.34525.116
MinimumVisualStudioVersion = 10.0.40219.1
Project("{FAE04EC0-301F-11D3-BF4B-00C04F79EFBC}") = "Lillys Level Uncapper", "Lillys Level Uncapper.csproj", "{D403B827-F7D7-474D-96C5-345BC4EF495D}"
EndProject
Global
	GlobalSection(SolutionConfigurationPlatforms) = preSolution
		Debug|Any CPU = Debug|Any CPU
		Release|Any CPU = Release|Any CPU
	EndGlobalSection
	GlobalSection(ProjectConfigurationPlatforms) = postSolution
		{D403B827-F7D7-474D-96C5-345BC4EF495D}.Debug|Any CPU.ActiveCfg = Debug|Any CPU
		{D403B827-F7D7-474D-96C5-345BC4EF495D}.Debug|Any CPU.Build.0 = Debug|Any CPU
		{D403B827-F7D7-474D-96C5-345BC4EF495D}.Release|Any CPU.ActiveCfg = Release|Any CPU
		{D403B827-F7D7-474D-96C5-345BC4EF495D}.Release|Any CPU.Build.0 = Release|Any CPU
	EndGlobalSection
	GlobalSection(SolutionProperties) = preSolution
		HideSolutionNode = FALSE
	EndGlobalSection
	GlobalSection(ExtensibilityGlobals) = postSolution
		SolutionGuid = {CDC50FC3-2C32-4923-A71A-A561D9F6818B}
	EndGlobalSection
EndGlobal
